{
  "name": "DSA",
  "lockfileVersion": 3,
  "requires": true,
  "packages": {
    "": {
      "dependencies": {
        "bat": "^0.0.0"
      }
    },
    "node_modules/bat": {
      "version": "0.0.0",
      "resolved": "https://registry.npmjs.org/bat/-/bat-0.0.0.tgz",
      "integrity": "sha512-fH6ydj7FGn1ny7HakDUokj02vmcAoetdMnkGh2C508b7kW7Meu0a34SVhsA66y00w3GeYHQKFFz6LemdzW00VA=="
    }
  }
}
